// !$*UTF8*$!
{
	archiveVersion = 1;
	classes = {
	};
	objectVersion = 50;
	objects = {

/* Begin PBXBuildFile section */
		991992A423904F2600FB063F /* BubbleView.swift in Sources */ = {isa = PBXBuildFile; fileRef = 991992A323904F2600FB063F /* BubbleView.swift */; };
		99CE03062371EDD00046E878 /* AppDelegate.swift in Sources */ = {isa = PBXBuildFile; fileRef = 99CE03052371EDD00046E878 /* AppDelegate.swift */; };
		99CE03082371EDD00046E878 /* SceneDelegate.swift in Sources */ = {isa = PBXBuildFile; fileRef = 99CE03072371EDD00046E878 /* SceneDelegate.swift */; };
		99CE030A2371EDD00046E878 /* ViewController.swift in Sources */ = {isa = PBXBuildFile; fileRef = 99CE03092371EDD00046E878 /* ViewController.swift */; };
		99CE030D2371EDD00046E878 /* Main.storyboard in Resources */ = {isa = PBXBuildFile; fileRef = 99CE030B2371EDD00046E878 /* Main.storyboard */; };
		99CE030F2371EDD40046E878 /* Assets.xcassets in Resources */ = {isa = PBXBuildFile; fileRef = 99CE030E2371EDD40046E878 /* Assets.xcassets */; };
		99CE03122371EDD40046E878 /* LaunchScreen.storyboard in Resources */ = {isa = PBXBuildFile; fileRef = 99CE03102371EDD40046E878 /* LaunchScreen.storyboard */; };
		99CE031A2371EF300046E878 /* Logger.swift in Sources */ = {isa = PBXBuildFile; fileRef = 99CE03192371EF300046E878 /* Logger.swift */; };
/* End PBXBuildFile section */

/* Begin PBXFileReference section */
		991992A323904F2600FB063F /* BubbleView.swift */ = {isa = PBXFileReference; lastKnownFileType = sourcecode.swift; path = BubbleView.swift; sourceTree = "<group>"; };
		99CE03022371EDD00046E878 /* sendIT.app */ = {isa = PBXFileReference; explicitFileType = wrapper.application; includeInIndex = 0; path = sendIT.app; sourceTree = BUILT_PRODUCTS_DIR; };
		99CE03052371EDD00046E878 /* AppDelegate.swift */ = {isa = PBXFileReference; lastKnownFileType = sourcecode.swift; path = AppDelegate.swift; sourceTree = "<group>"; };
		99CE03072371EDD00046E878 /* SceneDelegate.swift */ = {isa = PBXFileReference; lastKnownFileType = sourcecode.swift; path = SceneDelegate.swift; sourceTree = "<group>"; };
		99CE03092371EDD00046E878 /* ViewController.swift */ = {isa = PBXFileReference; lastKnownFileType = sourcecode.swift; path = ViewController.swift; sourceTree = "<group>"; };
		99CE030C2371EDD00046E878 /* Base */ = {isa = PBXFileReference; lastKnownFileType = file.storyboard; name = Base; path = Base.lproj/Main.storyboard; sourceTree = "<group>"; };
		99CE030E2371EDD40046E878 /* Assets.xcassets */ = {isa = PBXFileReference; lastKnownFileType = folder.assetcatalog; path = Assets.xcassets; sourceTree = "<group>"; };
		99CE03112371EDD40046E878 /* Base */ = {isa = PBXFileReference; lastKnownFileType = file.storyboard; name = Base; path = Base.lproj/LaunchScreen.storyboard; sourceTree = "<group>"; };
		99CE03132371EDD40046E878 /* Info.plist */ = {isa = PBXFileReference; lastKnownFileType = text.plist.xml; path = Info.plist; sourceTree = "<group>"; };
		99CE03192371EF300046E878 /* Logger.swift */ = {isa = PBXFileReference; lastKnownFileType = sourcecode.swift; path = Logger.swift; sourceTree = "<group>"; };
/* End PBXFileReference section */

/* Begin PBXFrameworksBuildPhase section */
		99CE02FF2371EDD00046E878 /* Frameworks */ = {
			isa = PBXFrameworksBuildPhase;
			buildActionMask = 2147483647;
			files = (
			);
			runOnlyForDeploymentPostprocessing = 0;
		};
/* End PBXFrameworksBuildPhase section */

/* Begin PBXGroup section */
		99CE02F92371EDD00046E878 = {
			isa = PBXGroup;
			children = (
				99CE03042371EDD00046E878 /* sendIT */,
				99CE03032371EDD00046E878 /* Products */,
			);
			sourceTree = "<group>";
		};
		99CE03032371EDD00046E878 /* Products */ = {
			isa = PBXGroup;
			children = (
				99CE03022371EDD00046E878 /* sendIT.app */,
			);
			name = Products;
			sourceTree = "<group>";
		};
		99CE03042371EDD00046E878 /* sendIT */ = {
			isa = PBXGroup;
			children = (
				99CE03052371EDD00046E878 /* AppDelegate.swift */,
				99CE03072371EDD00046E878 /* SceneDelegate.swift */,
				99CE03092371EDD00046E878 /* ViewController.swift */,
				99CE03192371EF300046E878 /* Logger.swift */,
				99CE030B2371EDD00046E878 /* Main.storyboard */,
				99CE030E2371EDD40046E878 /* Assets.xcassets */,
				99CE03102371EDD40046E878 /* LaunchScreen.storyboard */,
				99CE03132371EDD40046E878 /* Info.plist */,
				991992A323904F2600FB063F /* BubbleView.swift */,
			);
			path = sendIT;
			sourceTree = "<group>";
		};
/* End PBXGroup section */

/* Begin PBXNativeTarget section */
		99CE03012371EDD00046E878 /* sendIT */ = {
			isa = PBXNativeTarget;
			buildConfigurationList = 99CE03162371EDD40046E878 /* Build configuration list for PBXNativeTarget "sendIT" */;
			buildPhases = (
				99CE02FE2371EDD00046E878 /* Sources */,
				99CE02FF2371EDD00046E878 /* Frameworks */,
				99CE03002371EDD00046E878 /* Resources */,
			);
			buildRules = (
			);
			dependencies = (
			);
			name = sendIT;
			productName = sendIT;
			productReference = 99CE03022371EDD00046E878 /* sendIT.app */;
			productType = "com.apple.product-type.application";
		};
/* End PBXNativeTarget section */

/* Begin PBXProject section */
		99CE02FA2371EDD00046E878 /* Project object */ = {
			isa = PBXProject;
			attributes = {
				LastSwiftUpdateCheck = 1100;
				LastUpgradeCheck = 1100;
				ORGANIZATIONNAME = "Ivan Dakhnenko";
				TargetAttributes = {
					99CE03012371EDD00046E878 = {
						CreatedOnToolsVersion = 11.0;
					};
				};
			};
			buildConfigurationList = 99CE02FD2371EDD00046E878 /* Build configuration list for PBXProject "sendIT" */;
			compatibilityVersion = "Xcode 9.3";
			developmentRegion = en;
			hasScannedForEncodings = 0;
			knownRegions = (
				en,
				Base,
			);
			mainGroup = 99CE02F92371EDD00046E878;
			productRefGroup = 99CE03032371EDD00046E878 /* Products */;
			projectDirPath = "";
			projectRoot = "";
			targets = (
				99CE03012371EDD00046E878 /* sendIT */,
			);
		};
/* End PBXProject section */

/* Begin PBXResourcesBuildPhase section */
		99CE03002371EDD00046E878 /* Resources */ = {
			isa = PBXResourcesBuildPhase;
			buildActionMask = 2147483647;
			files = (
				99CE03122371EDD40046E878 /* LaunchScreen.storyboard in Resources */,
				99CE030F2371EDD40046E878 /* Assets.xcassets in Resources */,
				99CE030D2371EDD00046E878 /* Main.storyboard in Resources */,
			);
			runOnlyForDeploymentPostprocessing = 0;
		};
/* End PBXResourcesBuildPhase section */

/* Begin PBXSourcesBuildPhase section */
		99CE02FE2371EDD00046E878 /* Sources */ = {
			isa = PBXSourcesBuildPhase;
			buildActionMask = 2147483647;
			files = (
				991992A423904F2600FB063F /* BubbleView.swift in Sources */,
				99CE030A2371EDD00046E878 /* ViewController.swift in Sources */,
				99CE03062371EDD00046E878 /* AppDelegate.swift in Sources */,
				99CE03082371EDD00046E878 /* SceneDelegate.swift in Sources */,
				99CE031A2371EF300046E878 /* Logger.swift in Sources */,
			);
			runOnlyForDeploymentPostprocessing = 0;
		};
/* End PBXSourcesBuildPhase section */

/* Begin PBXVariantGroup section */
		99CE030B2371EDD00046E878 /* Main.storyboard */ = {
			isa = PBXVariantGroup;
			children = (
				99CE030C2371EDD00046E878 /* Base */,
			);
			name = Main.storyboard;
			sourceTree = "<group>";
		};
		99CE03102371EDD40046E878 /* LaunchScreen.storyboard */ = {
			isa = PBXVariantGroup;
			children = (
				99CE03112371EDD40046E878 /* Base */,
			);
			name = LaunchScreen.storyboard;
			sourceTree = "<group>";
		};
/* End PBXVariantGroup section */

/* Begin XCBuildConfiguration section */
		99CE03142371EDD40046E878 /* Debug */ = {
			isa = XCBuildConfiguration;
			buildSettings = {
				ALWAYS_SEARCH_USER_PATHS = NO;
				CLANG_ANALYZER_NONNULL = YES;
				CLANG_ANALYZER_NUMBER_OBJECT_CONVERSION = YES_AGGRESSIVE;
				CLANG_CXX_LANGUAGE_STANDARD = "gnu++14";
				CLANG_CXX_LIBRARY = "libc++";
				CLANG_ENABLE_MODULES = YES;
				CLANG_ENABLE_OBJC_ARC = YES;
				CLANG_ENABLE_OBJC_WEAK = YES;
				CLANG_WARN_BLOCK_CAPTURE_AUTORELEASING = YES;
				CLANG_WARN_BOOL_CONVERSION = YES;
				CLANG_WARN_COMMA = YES;
				CLANG_WARN_CONSTANT_CONVERSION = YES;
				CLANG_WARN_DEPRECATED_OBJC_IMPLEMENTATIONS = YES;
				CLANG_WARN_DIRECT_OBJC_ISA_USAGE = YES_ERROR;
				CLANG_WARN_DOCUMENTATION_COMMENTS = YES;
				CLANG_WARN_EMPTY_BODY = YES;
				CLANG_WARN_ENUM_CONVERSION = YES;
				CLANG_WARN_INFINITE_RECURSION = YES;
				CLANG_WARN_INT_CONVERSION = YES;
				CLANG_WARN_NON_LITERAL_NULL_CONVERSION = YES;
				CLANG_WARN_OBJC_IMPLICIT_RETAIN_SELF = YES;
				CLANG_WARN_OBJC_LITERAL_CONVERSION = YES;
				CLANG_WARN_OBJC_ROOT_CLASS = YES_ERROR;
				CLANG_WARN_RANGE_LOOP_ANALYSIS = YES;
				CLANG_WARN_STRICT_PROTOTYPES = YES;
				CLANG_WARN_SUSPICIOUS_MOVE = YES;
				CLANG_WARN_UNGUARDED_AVAILABILITY = YES_AGGRESSIVE;
				CLANG_WARN_UNREACHABLE_CODE = YES;
				CLANG_WARN__DUPLICATE_METHOD_MATCH = YES;
				COPY_PHASE_STRIP = NO;
				DEBUG_INFORMATION_FORMAT = dwarf;
				ENABLE_STRICT_OBJC_MSGSEND = YES;
				ENABLE_TESTABILITY = YES;
				GCC_C_LANGUAGE_STANDARD = gnu11;
				GCC_DYNAMIC_NO_PIC = NO;
				GCC_NO_COMMON_BLOCKS = YES;
				GCC_OPTIMIZATION_LEVEL = 0;
				GCC_PREPROCESSOR_DEFINITIONS = (
					"DEBUG=1",
					"$(inherited)",
				);
				GCC_WARN_64_TO_32_BIT_CONVERSION = YES;
				GCC_WARN_ABOUT_RETURN_TYPE = YES_ERROR;
				GCC_WARN_UNDECLARED_SELECTOR = YES;
				GCC_WARN_UNINITIALIZED_AUTOS = YES_AGGRESSIVE;
				GCC_WARN_UNUSED_FUNCTION = YES;
				GCC_WARN_UNUSED_VARIABLE = YES;
				IPHONEOS_DEPLOYMENT_TARGET = 12.2;
				MTL_ENABLE_DEBUG_INFO = INCLUDE_SOURCE;
				MTL_FAST_MATH = YES;
				ONLY_ACTIVE_ARCH = YES;
				SDKROOT = iphoneos;
				SWIFT_ACTIVE_COMPILATION_CONDITIONS = DEBUG;
				SWIFT_OPTIMIZATION_LEVEL = "-Onone";
			};
			name = Debug;
		};
		99CE03152371EDD40046E878 /* Release */ = {
			isa = XCBuildConfiguration;
			buildSettings = {
				ALWAYS_SEARCH_USER_PATHS = NO;
				CLANG_ANALYZER_NONNULL = YES;
				CLANG_ANALYZER_NUMBER_OBJECT_CONVERSION = YES_AGGRESSIVE;
				CLANG_CXX_LANGUAGE_STANDARD = "gnu++14";
				CLANG_CXX_LIBRARY = "libc++";
				CLANG_ENABLE_MODULES = YES;
				CLANG_ENABLE_OBJC_ARC = YES;
				CLANG_ENABLE_OBJC_WEAK = YES;
				CLANG_WARN_BLOCK_CAPTURE_AUTORELEASING = YES;
				CLANG_WARN_BOOL_CONVERSION = YES;
				CLANG_WARN_COMMA = YES;
				CLANG_WARN_CONSTANT_CONVERSION = YES;
				CLANG_WARN_DEPRECATED_OBJC_IMPLEMENTATIONS = YES;
				CLANG_WARN_DIRECT_OBJC_ISA_USAGE = YES_ERROR;
				CLANG_WARN_DOCUMENTATION_COMMENTS = YES;
				CLANG_WARN_EMPTY_BODY = YES;
				CLANG_WARN_ENUM_CONVERSION = YES;
				CLANG_WARN_INFINITE_RECURSION = YES;
				CLANG_WARN_INT_CONVERSION = YES;
				CLANG_WARN_NON_LITERAL_NULL_CONVERSION = YES;
				CLANG_WARN_OBJC_IMPLICIT_RETAIN_SELF = YES;
				CLANG_WARN_OBJC_LITERAL_CONVERSION = YES;
				CLANG_WARN_OBJC_ROOT_CLASS = YES_ERROR;
				CLANG_WARN_RANGE_LOOP_ANALYSIS = YES;
				CLANG_WARN_STRICT_PROTOTYPES = YES;
				CLANG_WARN_SUSPICIOUS_MOVE = YES;
				CLANG_WARN_UNGUARDED_AVAILABILITY = YES_AGGRESSIVE;
				CLANG_WARN_UNREACHABLE_CODE = YES;
				CLANG_WARN__DUPLICATE_METHOD_MATCH = YES;
				COPY_PHASE_STRIP = NO;
				DEBUG_INFORMATION_FORMAT = "dwarf-with-dsym";
				ENABLE_NS_ASSERTIONS = NO;
				ENABLE_STRICT_OBJC_MSGSEND = YES;
				GCC_C_LANGUAGE_STANDARD = gnu11;
				GCC_NO_COMMON_BLOCKS = YES;
				GCC_WARN_64_TO_32_BIT_CONVERSION = YES;
				GCC_WARN_ABOUT_RETURN_TYPE = YES_ERROR;
				GCC_WARN_UNDECLARED_SELECTOR = YES;
				GCC_WARN_UNINITIALIZED_AUTOS = YES_AGGRESSIVE;
				GCC_WARN_UNUSED_FUNCTION = YES;
				GCC_WARN_UNUSED_VARIABLE = YES;
				IPHONEOS_DEPLOYMENT_TARGET = 12.2;
				MTL_ENABLE_DEBUG_INFO = NO;
				MTL_FAST_MATH = YES;
				SDKROOT = iphoneos;
				SWIFT_COMPILATION_MODE = wholemodule;
				SWIFT_OPTIMIZATION_LEVEL = "-O";
				VALIDATE_PRODUCT = YES;
			};
			name = Release;
		};
		99CE03172371EDD40046E878 /* Debug */ = {
			isa = XCBuildConfiguration;
			buildSettings = {
				ASSETCATALOG_COMPILER_APPICON_NAME = AppIcon;
				CODE_SIGN_STYLE = Automatic;
				DEVELOPMENT_TEAM = LX483546M4;
				INFOPLIST_FILE = sendIT/Info.plist;
				LD_RUNPATH_SEARCH_PATHS = (
					"$(inherited)",
					"@executable_path/Frameworks",
				);
				PRODUCT_BUNDLE_IDENTIFIER = "Ivan-dakhnenko.sendIT";
				PRODUCT_NAME = "$(TARGET_NAME)";
				SWIFT_VERSION = 5.0;
				TARGETED_DEVICE_FAMILY = "1,2";
			};
			name = Debug;
		};
		99CE03182371EDD40046E878 /* Release */ = {
			isa = XCBuildConfiguration;
			buildSettings = {
				ASSETCATALOG_COMPILER_APPICON_NAME = AppIcon;
				CODE_SIGN_STYLE = Automatic;
				DEVELOPMENT_TEAM = LX483546M4;
				INFOPLIST_FILE = sendIT/Info.plist;
				LD_RUNPATH_SEARCH_PATHS = (
					"$(inherited)",
					"@executable_path/Frameworks",
				);
				PRODUCT_BUNDLE_IDENTIFIER = "Ivan-dakhnenko.sendIT";
				PRODUCT_NAME = "$(TARGET_NAME)";
				SWIFT_VERSION = 5.0;
				TARGETED_DEVICE_FAMILY = "1,2";
			};
			name = Release;
		};
/* End XCBuildConfiguration section */

/* Begin XCConfigurationList section */
		99CE02FD2371EDD00046E878 /* Build configuration list for PBXProject "sendIT" */ = {
			isa = XCConfigurationList;
			buildConfigurations = (
				99CE03142371EDD40046E878 /* Debug */,
				99CE03152371EDD40046E878 /* Release */,
			);
			defaultConfigurationIsVisible = 0;
			defaultConfigurationName = Release;
		};
		99CE03162371EDD40046E878 /* Build configuration list for PBXNativeTarget "sendIT" */ = {
			isa = XCConfigurationList;
			buildConfigurations = (
				99CE03172371EDD40046E878 /* Debug */,
				99CE03182371EDD40046E878 /* Release */,
			);
			defaultConfigurationIsVisible = 0;
			defaultConfigurationName = Release;
		};
/* End XCConfigurationList section */
	};
	rootObject = 99CE02FA2371EDD00046E878 /* Project object */;
}
